
Microsoft Visual Studio Solution File, Format Version 12.00
Project("{FAE04EC0-301F-11D3-BF4B-00C04F79EFBC}") = "UpdatePolicyService", "UpdatePolicyService\UpdatePolicyService.csproj", "{08E926A4-EC62-4FB7-80A2-49DDD66563BD}"
EndProject
Global
	GlobalSection(SolutionConfigurationPlatforms) = preSolution
		Debug|Any CPU = Debug|Any CPU
		Release|Any CPU = Release|Any CPU
	EndGlobalSection
	GlobalSection(ProjectConfigurationPlatforms) = postSolution
		{08E926A4-EC62-4FB7-80A2-49DDD66563BD}.Debug|Any CPU.ActiveCfg = Debug|Any CPU
		{08E926A4-EC62-4FB7-80A2-49DDD66563BD}.Debug|Any CPU.Build.0 = Debug|Any CPU
		{08E926A4-EC62-4FB7-80A2-49DDD66563BD}.Release|Any CPU.ActiveCfg = Release|Any CPU
		{08E926A4-EC62-4FB7-80A2-49DDD66563BD}.Release|Any CPU.Build.0 = Release|Any CPU
	EndGlobalSection
EndGlobal
